
Microsoft Visual Studio Solution File, Format Version 12.00
# Visual Studio Version 16
VisualStudioVersion = 16.0.31515.178
MinimumVisualStudioVersion = 10.0.40219.1
Project("{9A19103F-16F7-4668-BE54-9A1E7A4F7556}") = "CoreWebMenu", "CoreWebMenu\CoreWebMenu.csproj", "{696F7843-422D-4276-B30F-0FD66BA995A4}"
EndProject
Project("{FAE04EC0-301F-11D3-BF4B-00C04F79EFBC}") = "CoreWinForm", "CoreWinForm\CoreWinForm.csproj", "{13F76AFE-D287-4CB6-848F-2C42B87E393F}"
EndProject
Project("{9A19103F-16F7-4668-BE54-9A1E7A4F7556}") = "CoreWebAPI", "CoreWebAPI\CoreWebAPI.csproj", "{3A99FDCA-EA0A-4799-95F4-C3D902238BDA}"
EndProject
Global
	GlobalSection(SolutionConfigurationPlatforms) = preSolution
		Debug|Any CPU = Debug|Any CPU
		Release|Any CPU = Release|Any CPU
	EndGlobalSection
	GlobalSection(ProjectConfigurationPlatforms) = postSolution
		{696F7843-422D-4276-B30F-0FD66BA995A4}.Debug|Any CPU.ActiveCfg = Debug|Any CPU
		{696F7843-422D-4276-B30F-0FD66BA995A4}.Debug|Any CPU.Build.0 = Debug|Any CPU
		{696F7843-422D-4276-B30F-0FD66BA995A4}.Release|Any CPU.ActiveCfg = Release|Any CPU
		{696F7843-422D-4276-B30F-0FD66BA995A4}.Release|Any CPU.Build.0 = Release|Any CPU
		{13F76AFE-D287-4CB6-848F-2C42B87E393F}.Debug|Any CPU.ActiveCfg = Debug|Any CPU
		{13F76AFE-D287-4CB6-848F-2C42B87E393F}.Debug|Any CPU.Build.0 = Debug|Any CPU
		{13F76AFE-D287-4CB6-848F-2C42B87E393F}.Release|Any CPU.ActiveCfg = Release|Any CPU
		{13F76AFE-D287-4CB6-848F-2C42B87E393F}.Release|Any CPU.Build.0 = Release|Any CPU
		{3A99FDCA-EA0A-4799-95F4-C3D902238BDA}.Debug|Any CPU.ActiveCfg = Debug|Any CPU
		{3A99FDCA-EA0A-4799-95F4-C3D902238BDA}.Debug|Any CPU.Build.0 = Debug|Any CPU
		{3A99FDCA-EA0A-4799-95F4-C3D902238BDA}.Release|Any CPU.ActiveCfg = Release|Any CPU
		{3A99FDCA-EA0A-4799-95F4-C3D902238BDA}.Release|Any CPU.Build.0 = Release|Any CPU
	EndGlobalSection
	GlobalSection(SolutionProperties) = preSolution
		HideSolutionNode = FALSE
	EndGlobalSection
	GlobalSection(ExtensibilityGlobals) = postSolution
		SolutionGuid = {ABBF8209-F8F0-4F0A-A5CB-43071F61DA92}
	EndGlobalSection
EndGlobal
